{
    __meta__ = {
        version = "1.0"
    },
    ["windows|x64"] = {
        ["SkyrimScripting.Entrypoint#45e1c2cb"] = {
            branch = "@default",
            repo = {
                commit = "1c5d83c3faad37800acdd0c98347a6695e4ab933",
                url = "https://github.com/SkyrimScriptingBeta/Packages.git"
            },
            version = "@default"
        },
        ["SkyrimScripting.Logging#45e1c2cb"] = {
            branch = "@default",
            repo = {
                commit = "1c5d83c3faad37800acdd0c98347a6695e4ab933",
                url = "https://github.com/SkyrimScriptingBeta/Packages.git"
            },
            version = "@default"
        },
        ["SkyrimScripting.Plugin#45e1c2cb"] = {
            branch = "@default",
            repo = {
                commit = "1c5d83c3faad37800acdd0c98347a6695e4ab933",
                url = "https://github.com/SkyrimScriptingBeta/Packages.git"
            },
            version = "@default"
        },
        ["SkyrimScripting.SKSE_Messages#45e1c2cb"] = {
            branch = "@default",
            repo = {
                commit = "1c5d83c3faad37800acdd0c98347a6695e4ab933",
                url = "https://github.com/SkyrimScriptingBeta/Packages.git"
            },
            version = "@default"
        },
        ["cmake#f56260b5"] = {
            repo = {
                branch = "master",
                commit = "1bf8339aa237915e72d3a46db51898bd94be7217",
                url = "https://github.com/xmake-io/xmake-repo.git"
            },
            version = "4.0.3"
        },
        ["fmt#66eaa3b0"] = {
            repo = {
                branch = "master",
                commit = "0c401ab33aa1d878cdee4e58da601e194f4c272d",
                url = "https://github.com/xmake-io/xmake-repo.git"
            },
            version = "12.1.0"
        },
        ["global_macro_functions#f56260b5"] = {
            branch = "@default",
            repo = {
                commit = "6887c023180286b54b805f50ec33eab3f30e4818",
                url = "https://github.com/MrowrLib/Packages.git"
            },
            version = "@default"
        },
        ["ninja#f56260b5"] = {
            repo = {
                branch = "master",
                commit = "1bf8339aa237915e72d3a46db51898bd94be7217",
                url = "https://github.com/xmake-io/xmake-repo.git"
            },
            version = "v1.13.1"
        },
        ["rsm-binary-io#f56260b5"] = {
            repo = {
                branch = "master",
                commit = "0c401ab33aa1d878cdee4e58da601e194f4c272d",
                url = "https://github.com/xmake-io/xmake-repo.git"
            },
            version = "2.0.6"
        },
        ["skse_plugin_info#f56260b5"] = {
            branch = "@default",
            repo = {
                commit = "409ad1c273994fc3aa3eb13aed60885d7be9299e",
                url = "https://github.com/SkyrimScripting/Packages.git"
            },
            version = "@default"
        },
        ["skyrim-commonlib-ae#f56260b5"] = {
            branch = "@default",
            repo = {
                commit = "409ad1c273994fc3aa3eb13aed60885d7be9299e",
                url = "https://github.com/SkyrimScripting/Packages.git"
            },
            version = "@default"
        },
        ["spdlog#34081992"] = {
            repo = {
                branch = "master",
                commit = "0c401ab33aa1d878cdee4e58da601e194f4c272d",
                url = "https://github.com/xmake-io/xmake-repo.git"
            },
            version = "v1.16.0"
        },
        ["vcpkg::boost-stl-interfaces#f56260b5"] = {
            version = "latest"
        }
    }
}